
Microsoft Visual Studio Solution File, Format Version 12.00
# Visual Studio Version 17
VisualStudioVersion = 17.0.32014.148
MinimumVisualStudioVersion = 10.0.40219.1
Project("{FAE04EC0-301F-11D3-BF4B-00C04F79EFBC}") = "珊瑚幼儿园服务端", "珊瑚幼儿园服务端\珊瑚幼儿园服务端.csproj", "{54792974-C934-4427-8430-C9631994F7B2}"
EndProject
Project("{FAE04EC0-301F-11D3-BF4B-00C04F79EFBC}") = "BLL", "BLL\BLL.csproj", "{B1452E69-8030-408E-8DF5-EF1A7ACFC9E9}"
EndProject
Project("{FAE04EC0-301F-11D3-BF4B-00C04F79EFBC}") = "DAL", "DAL\DAL.csproj", "{EC04BA3E-BABF-453F-9B88-B2F289C0F317}"
EndProject
Project("{FAE04EC0-301F-11D3-BF4B-00C04F79EFBC}") = "Model", "Model\Model.csproj", "{6684A6B2-9A45-47AD-82B7-3B5604CF004C}"
EndProject
Global
	GlobalSection(SolutionConfigurationPlatforms) = preSolution
		Debug|Any CPU = Debug|Any CPU
		Release|Any CPU = Release|Any CPU
	EndGlobalSection
	GlobalSection(ProjectConfigurationPlatforms) = postSolution
		{54792974-C934-4427-8430-C9631994F7B2}.Debug|Any CPU.ActiveCfg = Debug|Any CPU
		{54792974-C934-4427-8430-C9631994F7B2}.Debug|Any CPU.Build.0 = Debug|Any CPU
		{54792974-C934-4427-8430-C9631994F7B2}.Release|Any CPU.ActiveCfg = Release|Any CPU
		{54792974-C934-4427-8430-C9631994F7B2}.Release|Any CPU.Build.0 = Release|Any CPU
		{B1452E69-8030-408E-8DF5-EF1A7ACFC9E9}.Debug|Any CPU.ActiveCfg = Debug|Any CPU
		{B1452E69-8030-408E-8DF5-EF1A7ACFC9E9}.Debug|Any CPU.Build.0 = Debug|Any CPU
		{B1452E69-8030-408E-8DF5-EF1A7ACFC9E9}.Release|Any CPU.ActiveCfg = Release|Any CPU
		{B1452E69-8030-408E-8DF5-EF1A7ACFC9E9}.Release|Any CPU.Build.0 = Release|Any CPU
		{EC04BA3E-BABF-453F-9B88-B2F289C0F317}.Debug|Any CPU.ActiveCfg = Debug|Any CPU
		{EC04BA3E-BABF-453F-9B88-B2F289C0F317}.Debug|Any CPU.Build.0 = Debug|Any CPU
		{EC04BA3E-BABF-453F-9B88-B2F289C0F317}.Release|Any CPU.ActiveCfg = Release|Any CPU
		{EC04BA3E-BABF-453F-9B88-B2F289C0F317}.Release|Any CPU.Build.0 = Release|Any CPU
		{6684A6B2-9A45-47AD-82B7-3B5604CF004C}.Debug|Any CPU.ActiveCfg = Debug|Any CPU
		{6684A6B2-9A45-47AD-82B7-3B5604CF004C}.Debug|Any CPU.Build.0 = Debug|Any CPU
		{6684A6B2-9A45-47AD-82B7-3B5604CF004C}.Release|Any CPU.ActiveCfg = Release|Any CPU
		{6684A6B2-9A45-47AD-82B7-3B5604CF004C}.Release|Any CPU.Build.0 = Release|Any CPU
	EndGlobalSection
	GlobalSection(SolutionProperties) = preSolution
		HideSolutionNode = FALSE
	EndGlobalSection
	GlobalSection(ExtensibilityGlobals) = postSolution
		SolutionGuid = {529136DA-C8F7-40C9-B6E4-05DEBB35136C}
	EndGlobalSection
EndGlobal
